// !$*UTF8*$!
{
	archiveVersion = 1;
	classes = {
	};
	objectVersion = 48;
	objects = {

/* Begin PBXBuildFile section */
		DDD9C09720308F9600DEA14C /* AppDelegate.swift in Sources */ = {isa = PBXBuildFile; fileRef = DDD9C09620308F9600DEA14C /* AppDelegate.swift */; };
		DDD9C09920308F9600DEA14C /* TodoListViewController.swift in Sources */ = {isa = PBXBuildFile; fileRef = DDD9C09820308F9600DEA14C /* TodoListViewController.swift */; };
		DDD9C09C20308F9600DEA14C /* Main.storyboard in Resources */ = {isa = PBXBuildFile; fileRef = DDD9C09A20308F9600DEA14C /* Main.storyboard */; };
		DDD9C09E20308F9600DEA14C /* Assets.xcassets in Resources */ = {isa = PBXBuildFile; fileRef = DDD9C09D20308F9600DEA14C /* Assets.xcassets */; };
		DDD9C0A120308F9600DEA14C /* LaunchScreen.storyboard in Resources */ = {isa = PBXBuildFile; fileRef = DDD9C09F20308F9600DEA14C /* LaunchScreen.storyboard */; };
		DDD9C0AB2035465E00DEA14C /* Item.swift in Sources */ = {isa = PBXBuildFile; fileRef = DDD9C0AA2035465E00DEA14C /* Item.swift */; };
/* End PBXBuildFile section */

/* Begin PBXFileReference section */
		DDD9C09320308F9600DEA14C /* Todoey.app */ = {isa = PBXFileReference; explicitFileType = wrapper.application; includeInIndex = 0; path = Todoey.app; sourceTree = BUILT_PRODUCTS_DIR; };
		DDD9C09620308F9600DEA14C /* AppDelegate.swift */ = {isa = PBXFileReference; lastKnownFileType = sourcecode.swift; path = AppDelegate.swift; sourceTree = "<group>"; };
		DDD9C09820308F9600DEA14C /* TodoListViewController.swift */ = {isa = PBXFileReference; lastKnownFileType = sourcecode.swift; path = TodoListViewController.swift; sourceTree = "<group>"; };
		DDD9C09B20308F9600DEA14C /* Base */ = {isa = PBXFileReference; lastKnownFileType = file.storyboard; name = Base; path = Base.lproj/Main.storyboard; sourceTree = "<group>"; };
		DDD9C09D20308F9600DEA14C /* Assets.xcassets */ = {isa = PBXFileReference; lastKnownFileType = folder.assetcatalog; path = Assets.xcassets; sourceTree = "<group>"; };
		DDD9C0A020308F9600DEA14C /* Base */ = {isa = PBXFileReference; lastKnownFileType = file.storyboard; name = Base; path = Base.lproj/LaunchScreen.storyboard; sourceTree = "<group>"; };
		DDD9C0A220308F9600DEA14C /* Info.plist */ = {isa = PBXFileReference; lastKnownFileType = text.plist.xml; path = Info.plist; sourceTree = "<group>"; };
		DDD9C0AA2035465E00DEA14C /* Item.swift */ = {isa = PBXFileReference; lastKnownFileType = sourcecode.swift; path = Item.swift; sourceTree = "<group>"; };
/* End PBXFileReference section */

/* Begin PBXFrameworksBuildPhase section */
		DDD9C09020308F9600DEA14C /* Frameworks */ = {
			isa = PBXFrameworksBuildPhase;
			buildActionMask = 2147483647;
			files = (
			);
			runOnlyForDeploymentPostprocessing = 0;
		};
/* End PBXFrameworksBuildPhase section */

/* Begin PBXGroup section */
		DDD9C08A20308F9600DEA14C = {
			isa = PBXGroup;
			children = (
				DDD9C09520308F9600DEA14C /* Todoey */,
				DDD9C09420308F9600DEA14C /* Products */,
			);
			sourceTree = "<group>";
		};
		DDD9C09420308F9600DEA14C /* Products */ = {
			isa = PBXGroup;
			children = (
				DDD9C09320308F9600DEA14C /* Todoey.app */,
			);
			name = Products;
			sourceTree = "<group>";
		};
		DDD9C09520308F9600DEA14C /* Todoey */ = {
			isa = PBXGroup;
			children = (
				DDD9C09620308F9600DEA14C /* AppDelegate.swift */,
				DDD9C0AD2035468D00DEA14C /* Controllers */,
				DDD9C0AE2035469900DEA14C /* Views */,
				DDD9C0AF203546AA00DEA14C /* Supporting Files */,
				DDD9C0A220308F9600DEA14C /* Info.plist */,
				DDD9C0AC2035467800DEA14C /* Data Model */,
			);
			path = Todoey;
			sourceTree = "<group>";
		};
		DDD9C0AC2035467800DEA14C /* Data Model */ = {
			isa = PBXGroup;
			children = (
				DDD9C0AA2035465E00DEA14C /* Item.swift */,
			);
			path = "Data Model";
			sourceTree = "<group>";
		};
		DDD9C0AD2035468D00DEA14C /* Controllers */ = {
			isa = PBXGroup;
			children = (
				DDD9C09820308F9600DEA14C /* TodoListViewController.swift */,
			);
			path = Controllers;
			sourceTree = "<group>";
		};
		DDD9C0AE2035469900DEA14C /* Views */ = {
			isa = PBXGroup;
			children = (
				DDD9C09A20308F9600DEA14C /* Main.storyboard */,
			);
			path = Views;
			sourceTree = "<group>";
		};
		DDD9C0AF203546AA00DEA14C /* Supporting Files */ = {
			isa = PBXGroup;
			children = (
				DDD9C09D20308F9600DEA14C /* Assets.xcassets */,
				DDD9C09F20308F9600DEA14C /* LaunchScreen.storyboard */,
			);
			path = "Supporting Files";
			sourceTree = "<group>";
		};
/* End PBXGroup section */

/* Begin PBXNativeTarget section */
		DDD9C09220308F9600DEA14C /* Todoey */ = {
			isa = PBXNativeTarget;
			buildConfigurationList = DDD9C0A520308F9600DEA14C /* Build configuration list for PBXNativeTarget "Todoey" */;
			buildPhases = (
				DDD9C08F20308F9600DEA14C /* Sources */,
				DDD9C09020308F9600DEA14C /* Frameworks */,
				DDD9C09120308F9600DEA14C /* Resources */,
			);
			buildRules = (
			);
			dependencies = (
			);
			name = Todoey;
			productName = Todoey;
			productReference = DDD9C09320308F9600DEA14C /* Todoey.app */;
			productType = "com.apple.product-type.application";
		};
/* End PBXNativeTarget section */

/* Begin PBXProject section */
		DDD9C08B20308F9600DEA14C /* Project object */ = {
			isa = PBXProject;
			attributes = {
				LastSwiftUpdateCheck = 0920;
				LastUpgradeCheck = 0920;
				ORGANIZATIONNAME = "Diego Spranger";
				TargetAttributes = {
					DDD9C09220308F9600DEA14C = {
						CreatedOnToolsVersion = 9.2;
						ProvisioningStyle = Automatic;
					};
				};
			};
			buildConfigurationList = DDD9C08E20308F9600DEA14C /* Build configuration list for PBXProject "Todoey" */;
			compatibilityVersion = "Xcode 8.0";
			developmentRegion = en;
			hasScannedForEncodings = 0;
			knownRegions = (
				en,
				Base,
			);
			mainGroup = DDD9C08A20308F9600DEA14C;
			productRefGroup = DDD9C09420308F9600DEA14C /* Products */;
			projectDirPath = "";
			projectRoot = "";
			targets = (
				DDD9C09220308F9600DEA14C /* Todoey */,
			);
		};
/* End PBXProject section */

/* Begin PBXResourcesBuildPhase section */
		DDD9C09120308F9600DEA14C /* Resources */ = {
			isa = PBXResourcesBuildPhase;
			buildActionMask = 2147483647;
			files = (
				DDD9C0A120308F9600DEA14C /* LaunchScreen.storyboard in Resources */,
				DDD9C09E20308F9600DEA14C /* Assets.xcassets in Resources */,
				DDD9C09C20308F9600DEA14C /* Main.storyboard in Resources */,
			);
			runOnlyForDeploymentPostprocessing = 0;
		};
/* End PBXResourcesBuildPhase section */

/* Begin PBXSourcesBuildPhase section */
		DDD9C08F20308F9600DEA14C /* Sources */ = {
			isa = PBXSourcesBuildPhase;
			buildActionMask = 2147483647;
			files = (
				DDD9C09920308F9600DEA14C /* TodoListViewController.swift in Sources */,
				DDD9C0AB2035465E00DEA14C /* Item.swift in Sources */,
				DDD9C09720308F9600DEA14C /* AppDelegate.swift in Sources */,
			);
			runOnlyForDeploymentPostprocessing = 0;
		};
/* End PBXSourcesBuildPhase section */

/* Begin PBXVariantGroup section */
		DDD9C09A20308F9600DEA14C /* Main.storyboard */ = {
			isa = PBXVariantGroup;
			children = (
				DDD9C09B20308F9600DEA14C /* Base */,
			);
			name = Main.storyboard;
			sourceTree = "<group>";
		};
		DDD9C09F20308F9600DEA14C /* LaunchScreen.storyboard */ = {
			isa = PBXVariantGroup;
			children = (
				DDD9C0A020308F9600DEA14C /* Base */,
			);
			name = LaunchScreen.storyboard;
			sourceTree = "<group>";
		};
/* End PBXVariantGroup section */

/* Begin XCBuildConfiguration section */
		DDD9C0A320308F9600DEA14C /* Debug */ = {
			isa = XCBuildConfiguration;
			buildSettings = {
				ALWAYS_SEARCH_USER_PATHS = NO;
				CLANG_ANALYZER_NONNULL = YES;
				CLANG_ANALYZER_NUMBER_OBJECT_CONVERSION = YES_AGGRESSIVE;
				CLANG_CXX_LANGUAGE_STANDARD = "gnu++14";
				CLANG_CXX_LIBRARY = "libc++";
				CLANG_ENABLE_MODULES = YES;
				CLANG_ENABLE_OBJC_ARC = YES;
				CLANG_WARN_BLOCK_CAPTURE_AUTORELEASING = YES;
				CLANG_WARN_BOOL_CONVERSION = YES;
				CLANG_WARN_COMMA = YES;
				CLANG_WARN_CONSTANT_CONVERSION = YES;
				CLANG_WARN_DIRECT_OBJC_ISA_USAGE = YES_ERROR;
				CLANG_WARN_DOCUMENTATION_COMMENTS = YES;
				CLANG_WARN_EMPTY_BODY = YES;
				CLANG_WARN_ENUM_CONVERSION = YES;
				CLANG_WARN_INFINITE_RECURSION = YES;
				CLANG_WARN_INT_CONVERSION = YES;
				CLANG_WARN_NON_LITERAL_NULL_CONVERSION = YES;
				CLANG_WARN_OBJC_LITERAL_CONVERSION = YES;
				CLANG_WARN_OBJC_ROOT_CLASS = YES_ERROR;
				CLANG_WARN_RANGE_LOOP_ANALYSIS = YES;
				CLANG_WARN_STRICT_PROTOTYPES = YES;
				CLANG_WARN_SUSPICIOUS_MOVE = YES;
				CLANG_WARN_UNGUARDED_AVAILABILITY = YES_AGGRESSIVE;
				CLANG_WARN_UNREACHABLE_CODE = YES;
				CLANG_WARN__DUPLICATE_METHOD_MATCH = YES;
				CODE_SIGN_IDENTITY = "iPhone Developer";
				COPY_PHASE_STRIP = NO;
				DEBUG_INFORMATION_FORMAT = dwarf;
				ENABLE_STRICT_OBJC_MSGSEND = YES;
				ENABLE_TESTABILITY = YES;
				GCC_C_LANGUAGE_STANDARD = gnu11;
				GCC_DYNAMIC_NO_PIC = NO;
				GCC_NO_COMMON_BLOCKS = YES;
				GCC_OPTIMIZATION_LEVEL = 0;
				GCC_PREPROCESSOR_DEFINITIONS = (
					"DEBUG=1",
					"$(inherited)",
				);
				GCC_WARN_64_TO_32_BIT_CONVERSION = YES;
				GCC_WARN_ABOUT_RETURN_TYPE = YES_ERROR;
				GCC_WARN_UNDECLARED_SELECTOR = YES;
				GCC_WARN_UNINITIALIZED_AUTOS = YES_AGGRESSIVE;
				GCC_WARN_UNUSED_FUNCTION = YES;
				GCC_WARN_UNUSED_VARIABLE = YES;
				IPHONEOS_DEPLOYMENT_TARGET = 11.2;
				MTL_ENABLE_DEBUG_INFO = YES;
				ONLY_ACTIVE_ARCH = YES;
				SDKROOT = iphoneos;
				SWIFT_ACTIVE_COMPILATION_CONDITIONS = DEBUG;
				SWIFT_OPTIMIZATION_LEVEL = "-Onone";
			};
			name = Debug;
		};
		DDD9C0A420308F9600DEA14C /* Release */ = {
			isa = XCBuildConfiguration;
			buildSettings = {
				ALWAYS_SEARCH_USER_PATHS = NO;
				CLANG_ANALYZER_NONNULL = YES;
				CLANG_ANALYZER_NUMBER_OBJECT_CONVERSION = YES_AGGRESSIVE;
				CLANG_CXX_LANGUAGE_STANDARD = "gnu++14";
				CLANG_CXX_LIBRARY = "libc++";
				CLANG_ENABLE_MODULES = YES;
				CLANG_ENABLE_OBJC_ARC = YES;
				CLANG_WARN_BLOCK_CAPTURE_AUTORELEASING = YES;
				CLANG_WARN_BOOL_CONVERSION = YES;
				CLANG_WARN_COMMA = YES;
				CLANG_WARN_CONSTANT_CONVERSION = YES;
				CLANG_WARN_DIRECT_OBJC_ISA_USAGE = YES_ERROR;
				CLANG_WARN_DOCUMENTATION_COMMENTS = YES;
				CLANG_WARN_EMPTY_BODY = YES;
				CLANG_WARN_ENUM_CONVERSION = YES;
				CLANG_WARN_INFINITE_RECURSION = YES;
				CLANG_WARN_INT_CONVERSION = YES;
				CLANG_WARN_NON_LITERAL_NULL_CONVERSION = YES;
				CLANG_WARN_OBJC_LITERAL_CONVERSION = YES;
				CLANG_WARN_OBJC_ROOT_CLASS = YES_ERROR;
				CLANG_WARN_RANGE_LOOP_ANALYSIS = YES;
				CLANG_WARN_STRICT_PROTOTYPES = YES;
				CLANG_WARN_SUSPICIOUS_MOVE = YES;
				CLANG_WARN_UNGUARDED_AVAILABILITY = YES_AGGRESSIVE;
				CLANG_WARN_UNREACHABLE_CODE = YES;
				CLANG_WARN__DUPLICATE_METHOD_MATCH = YES;
				CODE_SIGN_IDENTITY = "iPhone Developer";
				COPY_PHASE_STRIP = NO;
				DEBUG_INFORMATION_FORMAT = "dwarf-with-dsym";
				ENABLE_NS_ASSERTIONS = NO;
				ENABLE_STRICT_OBJC_MSGSEND = YES;
				GCC_C_LANGUAGE_STANDARD = gnu11;
				GCC_NO_COMMON_BLOCKS = YES;
				GCC_WARN_64_TO_32_BIT_CONVERSION = YES;
				GCC_WARN_ABOUT_RETURN_TYPE = YES_ERROR;
				GCC_WARN_UNDECLARED_SELECTOR = YES;
				GCC_WARN_UNINITIALIZED_AUTOS = YES_AGGRESSIVE;
				GCC_WARN_UNUSED_FUNCTION = YES;
				GCC_WARN_UNUSED_VARIABLE = YES;
				IPHONEOS_DEPLOYMENT_TARGET = 11.2;
				MTL_ENABLE_DEBUG_INFO = NO;
				SDKROOT = iphoneos;
				SWIFT_OPTIMIZATION_LEVEL = "-Owholemodule";
				VALIDATE_PRODUCT = YES;
			};
			name = Release;
		};
		DDD9C0A620308F9600DEA14C /* Debug */ = {
			isa = XCBuildConfiguration;
			buildSettings = {
				ASSETCATALOG_COMPILER_APPICON_NAME = AppIcon;
				CODE_SIGN_STYLE = Automatic;
				INFOPLIST_FILE = Todoey/Info.plist;
				LD_RUNPATH_SEARCH_PATHS = "$(inherited) @executable_path/Frameworks";
				PRODUCT_BUNDLE_IDENTIFIER = com.DiegoSpranger.Todoey;
				PRODUCT_NAME = "$(TARGET_NAME)";
				SWIFT_VERSION = 4.0;
				TARGETED_DEVICE_FAMILY = "1,2";
			};
			name = Debug;
		};
		DDD9C0A720308F9600DEA14C /* Release */ = {
			isa = XCBuildConfiguration;
			buildSettings = {
				ASSETCATALOG_COMPILER_APPICON_NAME = AppIcon;
				CODE_SIGN_STYLE = Automatic;
				INFOPLIST_FILE = Todoey/Info.plist;
				LD_RUNPATH_SEARCH_PATHS = "$(inherited) @executable_path/Frameworks";
				PRODUCT_BUNDLE_IDENTIFIER = com.DiegoSpranger.Todoey;
				PRODUCT_NAME = "$(TARGET_NAME)";
				SWIFT_VERSION = 4.0;
				TARGETED_DEVICE_FAMILY = "1,2";
			};
			name = Release;
		};
/* End XCBuildConfiguration section */

/* Begin XCConfigurationList section */
		DDD9C08E20308F9600DEA14C /* Build configuration list for PBXProject "Todoey" */ = {
			isa = XCConfigurationList;
			buildConfigurations = (
				DDD9C0A320308F9600DEA14C /* Debug */,
				DDD9C0A420308F9600DEA14C /* Release */,
			);
			defaultConfigurationIsVisible = 0;
			defaultConfigurationName = Release;
		};
		DDD9C0A520308F9600DEA14C /* Build configuration list for PBXNativeTarget "Todoey" */ = {
			isa = XCConfigurationList;
			buildConfigurations = (
				DDD9C0A620308F9600DEA14C /* Debug */,
				DDD9C0A720308F9600DEA14C /* Release */,
			);
			defaultConfigurationIsVisible = 0;
			defaultConfigurationName = Release;
		};
/* End XCConfigurationList section */
	};
	rootObject = DDD9C08B20308F9600DEA14C /* Project object */;
}
